// !$*UTF8*$!
{
	archiveVersion = 1;
	classes = {
	};
	objectVersion = 52;
	objects = {

/* Begin PBXBuildFile section */
		88511CFF2866379000064C1B /* AppDelegate.swift in Sources */ = {isa = PBXBuildFile; fileRef = 88511CFE2866379000064C1B /* AppDelegate.swift */; };
		88511D012866379000064C1B /* SceneDelegate.swift in Sources */ = {isa = PBXBuildFile; fileRef = 88511D002866379000064C1B /* SceneDelegate.swift */; };
		88511D032866379000064C1B /* AuthViewController.swift in Sources */ = {isa = PBXBuildFile; fileRef = 88511D022866379000064C1B /* AuthViewController.swift */; };
		88511D062866379000064C1B /* Main.storyboard in Resources */ = {isa = PBXBuildFile; fileRef = 88511D042866379000064C1B /* Main.storyboard */; };
		88511D082866379000064C1B /* Assets.xcassets in Resources */ = {isa = PBXBuildFile; fileRef = 88511D072866379000064C1B /* Assets.xcassets */; };
		88511D0B2866379000064C1B /* LaunchScreen.storyboard in Resources */ = {isa = PBXBuildFile; fileRef = 88511D092866379000064C1B /* LaunchScreen.storyboard */; };
		88511D152866390400064C1B /* FirebaseAuth in Frameworks */ = {isa = PBXBuildFile; productRef = 88511D142866390400064C1B /* FirebaseAuth */; };
		88511D172866390400064C1B /* FirebaseDatabase in Frameworks */ = {isa = PBXBuildFile; productRef = 88511D162866390400064C1B /* FirebaseDatabase */; };
		88511D192866390400064C1B /* FirebaseFirestore in Frameworks */ = {isa = PBXBuildFile; productRef = 88511D182866390400064C1B /* FirebaseFirestore */; };
		88511D1C28663CCC00064C1B /* GoogleService-Info.plist in Resources */ = {isa = PBXBuildFile; fileRef = 88511D1B28663CCC00064C1B /* GoogleService-Info.plist */; };
		888786B32866856900F61015 /* SessionViewController.xib in Resources */ = {isa = PBXBuildFile; fileRef = 888786B22866856900F61015 /* SessionViewController.xib */; };
		888786B7286691F200F61015 /* FirebaseFirestoreSwift in Frameworks */ = {isa = PBXBuildFile; productRef = 888786B6286691F200F61015 /* FirebaseFirestoreSwift */; };
		88F104AB2866D312009AA4DB /* HomeViewController.swift in Sources */ = {isa = PBXBuildFile; fileRef = 88F104AA2866D312009AA4DB /* HomeViewController.swift */; };
		88F104AD2866D32D009AA4DB /* RegistroViewController.swift in Sources */ = {isa = PBXBuildFile; fileRef = 88F104AC2866D32D009AA4DB /* RegistroViewController.swift */; };
/* End PBXBuildFile section */

/* Begin PBXFileReference section */
		88511CFB2866379000064C1B /* CaraLibro1146.app */ = {isa = PBXFileReference; explicitFileType = wrapper.application; includeInIndex = 0; path = CaraLibro1146.app; sourceTree = BUILT_PRODUCTS_DIR; };
		88511CFE2866379000064C1B /* AppDelegate.swift */ = {isa = PBXFileReference; lastKnownFileType = sourcecode.swift; path = AppDelegate.swift; sourceTree = "<group>"; };
		88511D002866379000064C1B /* SceneDelegate.swift */ = {isa = PBXFileReference; lastKnownFileType = sourcecode.swift; path = SceneDelegate.swift; sourceTree = "<group>"; };
		88511D022866379000064C1B /* AuthViewController.swift */ = {isa = PBXFileReference; lastKnownFileType = sourcecode.swift; path = AuthViewController.swift; sourceTree = "<group>"; };
		88511D052866379000064C1B /* Base */ = {isa = PBXFileReference; lastKnownFileType = file.storyboard; name = Base; path = Base.lproj/Main.storyboard; sourceTree = "<group>"; };
		88511D072866379000064C1B /* Assets.xcassets */ = {isa = PBXFileReference; lastKnownFileType = folder.assetcatalog; path = Assets.xcassets; sourceTree = "<group>"; };
		88511D0A2866379000064C1B /* Base */ = {isa = PBXFileReference; lastKnownFileType = file.storyboard; name = Base; path = Base.lproj/LaunchScreen.storyboard; sourceTree = "<group>"; };
		88511D0C2866379000064C1B /* Info.plist */ = {isa = PBXFileReference; lastKnownFileType = text.plist.xml; path = Info.plist; sourceTree = "<group>"; };
		88511D1B28663CCC00064C1B /* GoogleService-Info.plist */ = {isa = PBXFileReference; fileEncoding = 4; lastKnownFileType = text.plist.xml; path = "GoogleService-Info.plist"; sourceTree = "<group>"; };
		888786B22866856900F61015 /* SessionViewController.xib */ = {isa = PBXFileReference; lastKnownFileType = file.xib; path = SessionViewController.xib; sourceTree = "<group>"; };
		88F104AA2866D312009AA4DB /* HomeViewController.swift */ = {isa = PBXFileReference; lastKnownFileType = sourcecode.swift; path = HomeViewController.swift; sourceTree = "<group>"; };
		88F104AC2866D32D009AA4DB /* RegistroViewController.swift */ = {isa = PBXFileReference; lastKnownFileType = sourcecode.swift; path = RegistroViewController.swift; sourceTree = "<group>"; };
/* End PBXFileReference section */

/* Begin PBXFrameworksBuildPhase section */
		88511CF82866378F00064C1B /* Frameworks */ = {
			isa = PBXFrameworksBuildPhase;
			buildActionMask = 2147483647;
			files = (
				88511D172866390400064C1B /* FirebaseDatabase in Frameworks */,
				88511D152866390400064C1B /* FirebaseAuth in Frameworks */,
				88511D192866390400064C1B /* FirebaseFirestore in Frameworks */,
				888786B7286691F200F61015 /* FirebaseFirestoreSwift in Frameworks */,
			);
			runOnlyForDeploymentPostprocessing = 0;
		};
/* End PBXFrameworksBuildPhase section */

/* Begin PBXGroup section */
		88511CF22866378F00064C1B = {
			isa = PBXGroup;
			children = (
				88511CFD2866379000064C1B /* CaraLibro1146 */,
				88511CFC2866379000064C1B /* Products */,
				888786B5286691F200F61015 /* Frameworks */,
			);
			sourceTree = "<group>";
		};
		88511CFC2866379000064C1B /* Products */ = {
			isa = PBXGroup;
			children = (
				88511CFB2866379000064C1B /* CaraLibro1146.app */,
			);
			name = Products;
			sourceTree = "<group>";
		};
		88511CFD2866379000064C1B /* CaraLibro1146 */ = {
			isa = PBXGroup;
			children = (
				88511CFE2866379000064C1B /* AppDelegate.swift */,
				88511D002866379000064C1B /* SceneDelegate.swift */,
				88511D022866379000064C1B /* AuthViewController.swift */,
				88511D042866379000064C1B /* Main.storyboard */,
				88511D072866379000064C1B /* Assets.xcassets */,
				88511D092866379000064C1B /* LaunchScreen.storyboard */,
				88511D0C2866379000064C1B /* Info.plist */,
				88511D1B28663CCC00064C1B /* GoogleService-Info.plist */,
				888786B22866856900F61015 /* SessionViewController.xib */,
				88F104AA2866D312009AA4DB /* HomeViewController.swift */,
				88F104AC2866D32D009AA4DB /* RegistroViewController.swift */,
			);
			path = CaraLibro1146;
			sourceTree = "<group>";
		};
		888786B5286691F200F61015 /* Frameworks */ = {
			isa = PBXGroup;
			children = (
			);
			name = Frameworks;
			sourceTree = "<group>";
		};
/* End PBXGroup section */

/* Begin PBXNativeTarget section */
		88511CFA2866378F00064C1B /* CaraLibro1146 */ = {
			isa = PBXNativeTarget;
			buildConfigurationList = 88511D0F2866379000064C1B /* Build configuration list for PBXNativeTarget "CaraLibro1146" */;
			buildPhases = (
				88511CF72866378F00064C1B /* Sources */,
				88511CF82866378F00064C1B /* Frameworks */,
				88511CF92866378F00064C1B /* Resources */,
			);
			buildRules = (
			);
			dependencies = (
			);
			name = CaraLibro1146;
			packageProductDependencies = (
				88511D142866390400064C1B /* FirebaseAuth */,
				88511D162866390400064C1B /* FirebaseDatabase */,
				88511D182866390400064C1B /* FirebaseFirestore */,
				888786B6286691F200F61015 /* FirebaseFirestoreSwift */,
			);
			productName = CaraLibro1146;
			productReference = 88511CFB2866379000064C1B /* CaraLibro1146.app */;
			productType = "com.apple.product-type.application";
		};
/* End PBXNativeTarget section */

/* Begin PBXProject section */
		88511CF32866378F00064C1B /* Project object */ = {
			isa = PBXProject;
			attributes = {
				LastSwiftUpdateCheck = 1240;
				LastUpgradeCheck = 1240;
				TargetAttributes = {
					88511CFA2866378F00064C1B = {
						CreatedOnToolsVersion = 12.4;
					};
				};
			};
			buildConfigurationList = 88511CF62866378F00064C1B /* Build configuration list for PBXProject "CaraLibro1146" */;
			compatibilityVersion = "Xcode 9.3";
			developmentRegion = en;
			hasScannedForEncodings = 0;
			knownRegions = (
				en,
				Base,
			);
			mainGroup = 88511CF22866378F00064C1B;
			packageReferences = (
				88511D132866390400064C1B /* XCRemoteSwiftPackageReference "firebase-ios-sdk" */,
			);
			productRefGroup = 88511CFC2866379000064C1B /* Products */;
			projectDirPath = "";
			projectRoot = "";
			targets = (
				88511CFA2866378F00064C1B /* CaraLibro1146 */,
			);
		};
/* End PBXProject section */

/* Begin PBXResourcesBuildPhase section */
		88511CF92866378F00064C1B /* Resources */ = {
			isa = PBXResourcesBuildPhase;
			buildActionMask = 2147483647;
			files = (
				88511D0B2866379000064C1B /* LaunchScreen.storyboard in Resources */,
				88511D1C28663CCC00064C1B /* GoogleService-Info.plist in Resources */,
				88511D082866379000064C1B /* Assets.xcassets in Resources */,
				88511D062866379000064C1B /* Main.storyboard in Resources */,
				888786B32866856900F61015 /* SessionViewController.xib in Resources */,
			);
			runOnlyForDeploymentPostprocessing = 0;
		};
/* End PBXResourcesBuildPhase section */

/* Begin PBXSourcesBuildPhase section */
		88511CF72866378F00064C1B /* Sources */ = {
			isa = PBXSourcesBuildPhase;
			buildActionMask = 2147483647;
			files = (
				88F104AB2866D312009AA4DB /* HomeViewController.swift in Sources */,
				88511D032866379000064C1B /* AuthViewController.swift in Sources */,
				88511CFF2866379000064C1B /* AppDelegate.swift in Sources */,
				88F104AD2866D32D009AA4DB /* RegistroViewController.swift in Sources */,
				88511D012866379000064C1B /* SceneDelegate.swift in Sources */,
			);
			runOnlyForDeploymentPostprocessing = 0;
		};
/* End PBXSourcesBuildPhase section */

/* Begin PBXVariantGroup section */
		88511D042866379000064C1B /* Main.storyboard */ = {
			isa = PBXVariantGroup;
			children = (
				88511D052866379000064C1B /* Base */,
			);
			name = Main.storyboard;
			sourceTree = "<group>";
		};
		88511D092866379000064C1B /* LaunchScreen.storyboard */ = {
			isa = PBXVariantGroup;
			children = (
				88511D0A2866379000064C1B /* Base */,
			);
			name = LaunchScreen.storyboard;
			sourceTree = "<group>";
		};
/* End PBXVariantGroup section */

/* Begin XCBuildConfiguration section */
		88511D0D2866379000064C1B /* Debug */ = {
			isa = XCBuildConfiguration;
			buildSettings = {
				ALWAYS_SEARCH_USER_PATHS = NO;
				CLANG_ANALYZER_NONNULL = YES;
				CLANG_ANALYZER_NUMBER_OBJECT_CONVERSION = YES_AGGRESSIVE;
				CLANG_CXX_LANGUAGE_STANDARD = "gnu++14";
				CLANG_CXX_LIBRARY = "libc++";
				CLANG_ENABLE_MODULES = YES;
				CLANG_ENABLE_OBJC_ARC = YES;
				CLANG_ENABLE_OBJC_WEAK = YES;
				CLANG_WARN_BLOCK_CAPTURE_AUTORELEASING = YES;
				CLANG_WARN_BOOL_CONVERSION = YES;
				CLANG_WARN_COMMA = YES;
				CLANG_WARN_CONSTANT_CONVERSION = YES;
				CLANG_WARN_DEPRECATED_OBJC_IMPLEMENTATIONS = YES;
				CLANG_WARN_DIRECT_OBJC_ISA_USAGE = YES_ERROR;
				CLANG_WARN_DOCUMENTATION_COMMENTS = YES;
				CLANG_WARN_EMPTY_BODY = YES;
				CLANG_WARN_ENUM_CONVERSION = YES;
				CLANG_WARN_INFINITE_RECURSION = YES;
				CLANG_WARN_INT_CONVERSION = YES;
				CLANG_WARN_NON_LITERAL_NULL_CONVERSION = YES;
				CLANG_WARN_OBJC_IMPLICIT_RETAIN_SELF = YES;
				CLANG_WARN_OBJC_LITERAL_CONVERSION = YES;
				CLANG_WARN_OBJC_ROOT_CLASS = YES_ERROR;
				CLANG_WARN_QUOTED_INCLUDE_IN_FRAMEWORK_HEADER = YES;
				CLANG_WARN_RANGE_LOOP_ANALYSIS = YES;
				CLANG_WARN_STRICT_PROTOTYPES = YES;
				CLANG_WARN_SUSPICIOUS_MOVE = YES;
				CLANG_WARN_UNGUARDED_AVAILABILITY = YES_AGGRESSIVE;
				CLANG_WARN_UNREACHABLE_CODE = YES;
				CLANG_WARN__DUPLICATE_METHOD_MATCH = YES;
				COPY_PHASE_STRIP = NO;
				DEBUG_INFORMATION_FORMAT = dwarf;
				ENABLE_STRICT_OBJC_MSGSEND = YES;
				ENABLE_TESTABILITY = YES;
				GCC_C_LANGUAGE_STANDARD = gnu11;
				GCC_DYNAMIC_NO_PIC = NO;
				GCC_NO_COMMON_BLOCKS = YES;
				GCC_OPTIMIZATION_LEVEL = 0;
				GCC_PREPROCESSOR_DEFINITIONS = (
					"DEBUG=1",
					"$(inherited)",
				);
				GCC_WARN_64_TO_32_BIT_CONVERSION = YES;
				GCC_WARN_ABOUT_RETURN_TYPE = YES_ERROR;
				GCC_WARN_UNDECLARED_SELECTOR = YES;
				GCC_WARN_UNINITIALIZED_AUTOS = YES_AGGRESSIVE;
				GCC_WARN_UNUSED_FUNCTION = YES;
				GCC_WARN_UNUSED_VARIABLE = YES;
				IPHONEOS_DEPLOYMENT_TARGET = 14.4;
				MTL_ENABLE_DEBUG_INFO = INCLUDE_SOURCE;
				MTL_FAST_MATH = YES;
				ONLY_ACTIVE_ARCH = YES;
				SDKROOT = iphoneos;
				SWIFT_ACTIVE_COMPILATION_CONDITIONS = DEBUG;
				SWIFT_OPTIMIZATION_LEVEL = "-Onone";
			};
			name = Debug;
		};
		88511D0E2866379000064C1B /* Release */ = {
			isa = XCBuildConfiguration;
			buildSettings = {
				ALWAYS_SEARCH_USER_PATHS = NO;
				CLANG_ANALYZER_NONNULL = YES;
				CLANG_ANALYZER_NUMBER_OBJECT_CONVERSION = YES_AGGRESSIVE;
				CLANG_CXX_LANGUAGE_STANDARD = "gnu++14";
				CLANG_CXX_LIBRARY = "libc++";
				CLANG_ENABLE_MODULES = YES;
				CLANG_ENABLE_OBJC_ARC = YES;
				CLANG_ENABLE_OBJC_WEAK = YES;
				CLANG_WARN_BLOCK_CAPTURE_AUTORELEASING = YES;
				CLANG_WARN_BOOL_CONVERSION = YES;
				CLANG_WARN_COMMA = YES;
				CLANG_WARN_CONSTANT_CONVERSION = YES;
				CLANG_WARN_DEPRECATED_OBJC_IMPLEMENTATIONS = YES;
				CLANG_WARN_DIRECT_OBJC_ISA_USAGE = YES_ERROR;
				CLANG_WARN_DOCUMENTATION_COMMENTS = YES;
				CLANG_WARN_EMPTY_BODY = YES;
				CLANG_WARN_ENUM_CONVERSION = YES;
				CLANG_WARN_INFINITE_RECURSION = YES;
				CLANG_WARN_INT_CONVERSION = YES;
				CLANG_WARN_NON_LITERAL_NULL_CONVERSION = YES;
				CLANG_WARN_OBJC_IMPLICIT_RETAIN_SELF = YES;
				CLANG_WARN_OBJC_LITERAL_CONVERSION = YES;
				CLANG_WARN_OBJC_ROOT_CLASS = YES_ERROR;
				CLANG_WARN_QUOTED_INCLUDE_IN_FRAMEWORK_HEADER = YES;
				CLANG_WARN_RANGE_LOOP_ANALYSIS = YES;
				CLANG_WARN_STRICT_PROTOTYPES = YES;
				CLANG_WARN_SUSPICIOUS_MOVE = YES;
				CLANG_WARN_UNGUARDED_AVAILABILITY = YES_AGGRESSIVE;
				CLANG_WARN_UNREACHABLE_CODE = YES;
				CLANG_WARN__DUPLICATE_METHOD_MATCH = YES;
				COPY_PHASE_STRIP = NO;
				DEBUG_INFORMATION_FORMAT = "dwarf-with-dsym";
				ENABLE_NS_ASSERTIONS = NO;
				ENABLE_STRICT_OBJC_MSGSEND = YES;
				GCC_C_LANGUAGE_STANDARD = gnu11;
				GCC_NO_COMMON_BLOCKS = YES;
				GCC_WARN_64_TO_32_BIT_CONVERSION = YES;
				GCC_WARN_ABOUT_RETURN_TYPE = YES_ERROR;
				GCC_WARN_UNDECLARED_SELECTOR = YES;
				GCC_WARN_UNINITIALIZED_AUTOS = YES_AGGRESSIVE;
				GCC_WARN_UNUSED_FUNCTION = YES;
				GCC_WARN_UNUSED_VARIABLE = YES;
				IPHONEOS_DEPLOYMENT_TARGET = 14.4;
				MTL_ENABLE_DEBUG_INFO = NO;
				MTL_FAST_MATH = YES;
				SDKROOT = iphoneos;
				SWIFT_COMPILATION_MODE = wholemodule;
				SWIFT_OPTIMIZATION_LEVEL = "-O";
				VALIDATE_PRODUCT = YES;
			};
			name = Release;
		};
		88511D102866379000064C1B /* Debug */ = {
			isa = XCBuildConfiguration;
			buildSettings = {
				ASSETCATALOG_COMPILER_APPICON_NAME = AppIcon;
				ASSETCATALOG_COMPILER_GLOBAL_ACCENT_COLOR_NAME = AccentColor;
				CODE_SIGN_STYLE = Automatic;
				INFOPLIST_FILE = CaraLibro1146/Info.plist;
				LD_RUNPATH_SEARCH_PATHS = (
					"$(inherited)",
					"@executable_path/Frameworks",
				);
				PRODUCT_BUNDLE_IDENTIFIER = com.isil.CaraLibro1146;
				PRODUCT_NAME = "$(TARGET_NAME)";
				SWIFT_VERSION = 5.0;
				TARGETED_DEVICE_FAMILY = "1,2";
			};
			name = Debug;
		};
		88511D112866379000064C1B /* Release */ = {
			isa = XCBuildConfiguration;
			buildSettings = {
				ASSETCATALOG_COMPILER_APPICON_NAME = AppIcon;
				ASSETCATALOG_COMPILER_GLOBAL_ACCENT_COLOR_NAME = AccentColor;
				CODE_SIGN_STYLE = Automatic;
				INFOPLIST_FILE = CaraLibro1146/Info.plist;
				LD_RUNPATH_SEARCH_PATHS = (
					"$(inherited)",
					"@executable_path/Frameworks",
				);
				PRODUCT_BUNDLE_IDENTIFIER = com.isil.CaraLibro1146;
				PRODUCT_NAME = "$(TARGET_NAME)";
				SWIFT_VERSION = 5.0;
				TARGETED_DEVICE_FAMILY = "1,2";
			};
			name = Release;
		};
/* End XCBuildConfiguration section */

/* Begin XCConfigurationList section */
		88511CF62866378F00064C1B /* Build configuration list for PBXProject "CaraLibro1146" */ = {
			isa = XCConfigurationList;
			buildConfigurations = (
				88511D0D2866379000064C1B /* Debug */,
				88511D0E2866379000064C1B /* Release */,
			);
			defaultConfigurationIsVisible = 0;
			defaultConfigurationName = Release;
		};
		88511D0F2866379000064C1B /* Build configuration list for PBXNativeTarget "CaraLibro1146" */ = {
			isa = XCConfigurationList;
			buildConfigurations = (
				88511D102866379000064C1B /* Debug */,
				88511D112866379000064C1B /* Release */,
			);
			defaultConfigurationIsVisible = 0;
			defaultConfigurationName = Release;
		};
/* End XCConfigurationList section */

/* Begin XCRemoteSwiftPackageReference section */
		88511D132866390400064C1B /* XCRemoteSwiftPackageReference "firebase-ios-sdk" */ = {
			isa = XCRemoteSwiftPackageReference;
			repositoryURL = "https://github.com/firebase/firebase-ios-sdk";
			requirement = {
				kind = upToNextMajorVersion;
				minimumVersion = 9.2.0;
			};
		};
/* End XCRemoteSwiftPackageReference section */

/* Begin XCSwiftPackageProductDependency section */
		88511D142866390400064C1B /* FirebaseAuth */ = {
			isa = XCSwiftPackageProductDependency;
			package = 88511D132866390400064C1B /* XCRemoteSwiftPackageReference "firebase-ios-sdk" */;
			productName = FirebaseAuth;
		};
		88511D162866390400064C1B /* FirebaseDatabase */ = {
			isa = XCSwiftPackageProductDependency;
			package = 88511D132866390400064C1B /* XCRemoteSwiftPackageReference "firebase-ios-sdk" */;
			productName = FirebaseDatabase;
		};
		88511D182866390400064C1B /* FirebaseFirestore */ = {
			isa = XCSwiftPackageProductDependency;
			package = 88511D132866390400064C1B /* XCRemoteSwiftPackageReference "firebase-ios-sdk" */;
			productName = FirebaseFirestore;
		};
		888786B6286691F200F61015 /* FirebaseFirestoreSwift */ = {
			isa = XCSwiftPackageProductDependency;
			package = 88511D132866390400064C1B /* XCRemoteSwiftPackageReference "firebase-ios-sdk" */;
			productName = FirebaseFirestoreSwift;
		};
/* End XCSwiftPackageProductDependency section */
	};
	rootObject = 88511CF32866378F00064C1B /* Project object */;
}
